// !$*UTF8*$!
{
	archiveVersion = 1;
	classes = {
	};
	objectVersion = 56;
	objects = {

/* Begin PBXBuildFile section */
		AA000001 /* OpaqueApp.swift in Sources */ = {isa = PBXBuildFile; fileRef = AA100001; };
		AA000002 /* PairedServer.swift in Sources */ = {isa = PBXBuildFile; fileRef = AA100002; };
		AA000003 /* ApprovalRequest.swift in Sources */ = {isa = PBXBuildFile; fileRef = AA100003; };
		AA000004 /* PairingView.swift in Sources */ = {isa = PBXBuildFile; fileRef = AA100004; };
		AA000005 /* ApprovalView.swift in Sources */ = {isa = PBXBuildFile; fileRef = AA100005; };
		AA000006 /* DeviceListView.swift in Sources */ = {isa = PBXBuildFile; fileRef = AA100006; };
		AA000007 /* KeyManager.swift in Sources */ = {isa = PBXBuildFile; fileRef = AA100007; };
		AA000008 /* BonjourDiscovery.swift in Sources */ = {isa = PBXBuildFile; fileRef = AA100008; };
		AA000009 /* ApprovalClient.swift in Sources */ = {isa = PBXBuildFile; fileRef = AA100009; };
/* End PBXBuildFile section */

/* Begin PBXFileReference section */
		AA100001 /* OpaqueApp.swift */ = {isa = PBXFileReference; lastKnownFileType = sourcecode.swift; path = OpaqueApp.swift; sourceTree = "<group>"; };
		AA100002 /* PairedServer.swift */ = {isa = PBXFileReference; lastKnownFileType = sourcecode.swift; path = PairedServer.swift; sourceTree = "<group>"; };
		AA100003 /* ApprovalRequest.swift */ = {isa = PBXFileReference; lastKnownFileType = sourcecode.swift; path = ApprovalRequest.swift; sourceTree = "<group>"; };
		AA100004 /* PairingView.swift */ = {isa = PBXFileReference; lastKnownFileType = sourcecode.swift; path = PairingView.swift; sourceTree = "<group>"; };
		AA100005 /* ApprovalView.swift */ = {isa = PBXFileReference; lastKnownFileType = sourcecode.swift; path = ApprovalView.swift; sourceTree = "<group>"; };
		AA100006 /* DeviceListView.swift */ = {isa = PBXFileReference; lastKnownFileType = sourcecode.swift; path = DeviceListView.swift; sourceTree = "<group>"; };
		AA100007 /* KeyManager.swift */ = {isa = PBXFileReference; lastKnownFileType = sourcecode.swift; path = KeyManager.swift; sourceTree = "<group>"; };
		AA100008 /* BonjourDiscovery.swift */ = {isa = PBXFileReference; lastKnownFileType = sourcecode.swift; path = BonjourDiscovery.swift; sourceTree = "<group>"; };
		AA100009 /* ApprovalClient.swift */ = {isa = PBXFileReference; lastKnownFileType = sourcecode.swift; path = ApprovalClient.swift; sourceTree = "<group>"; };
		AA200001 /* Opaque.app */ = {isa = PBXFileReference; explicitFileType = wrapper.application; includeInIndex = 0; path = Opaque.app; sourceTree = BUILT_PRODUCTS_DIR; };
		AA200002 /* Info.plist */ = {isa = PBXFileReference; lastKnownFileType = text.plist.xml; path = Info.plist; sourceTree = "<group>"; };
/* End PBXFileReference section */

/* Begin PBXGroup section */
		AA300001 /* Root */ = {
			isa = PBXGroup;
			children = (
				AA300002 /* Sources */,
				AA200002 /* Info.plist */,
				AA300006 /* Products */,
			);
			sourceTree = "<group>";
		};
		AA300002 /* Sources */ = {
			isa = PBXGroup;
			children = (
				AA100001 /* OpaqueApp.swift */,
				AA300003 /* Models */,
				AA300004 /* Views */,
				AA300005 /* Crypto */,
				AA300007 /* Network */,
			);
			path = Sources;
			sourceTree = "<group>";
		};
		AA300003 /* Models */ = {
			isa = PBXGroup;
			children = (
				AA100002 /* PairedServer.swift */,
				AA100003 /* ApprovalRequest.swift */,
			);
			path = Models;
			sourceTree = "<group>";
		};
		AA300004 /* Views */ = {
			isa = PBXGroup;
			children = (
				AA100004 /* PairingView.swift */,
				AA100005 /* ApprovalView.swift */,
				AA100006 /* DeviceListView.swift */,
			);
			path = Views;
			sourceTree = "<group>";
		};
		AA300005 /* Crypto */ = {
			isa = PBXGroup;
			children = (
				AA100007 /* KeyManager.swift */,
			);
			path = Crypto;
			sourceTree = "<group>";
		};
		AA300006 /* Products */ = {
			isa = PBXGroup;
			children = (
				AA200001 /* Opaque.app */,
			);
			name = Products;
			sourceTree = "<group>";
		};
		AA300007 /* Network */ = {
			isa = PBXGroup;
			children = (
				AA100008 /* BonjourDiscovery.swift */,
				AA100009 /* ApprovalClient.swift */,
			);
			path = Network;
			sourceTree = "<group>";
		};
/* End PBXGroup section */

/* Begin PBXNativeTarget section */
		AA400001 /* Opaque */ = {
			isa = PBXNativeTarget;
			buildConfigurationList = AA600001;
			buildPhases = (
				AA500001 /* Sources */,
			);
			buildRules = (
			);
			dependencies = (
			);
			name = Opaque;
			productName = Opaque;
			productReference = AA200001 /* Opaque.app */;
			productType = "com.apple.product-type.application";
		};
/* End PBXNativeTarget section */

/* Begin PBXProject section */
		AA000000 /* Project object */ = {
			isa = PBXProject;
			attributes = {
				BuildIndependentTargetsInParallel = 1;
				LastSwiftUpdateCheck = 1500;
				LastUpgradeCheck = 1500;
			};
			buildConfigurationList = AA600002;
			compatibilityVersion = "Xcode 14.0";
			developmentRegion = en;
			hasScannedForEncodings = 0;
			knownRegions = (
				en,
				Base,
			);
			mainGroup = AA300001 /* Root */;
			productRefGroup = AA300006 /* Products */;
			projectDirPath = "";
			projectRoot = "";
			targets = (
				AA400001 /* Opaque */,
			);
		};
/* End PBXProject section */

/* Begin PBXSourcesBuildPhase section */
		AA500001 /* Sources */ = {
			isa = PBXSourcesBuildPhase;
			buildActionMask = 2147483647;
			files = (
				AA000001 /* OpaqueApp.swift in Sources */,
				AA000002 /* PairedServer.swift in Sources */,
				AA000003 /* ApprovalRequest.swift in Sources */,
				AA000004 /* PairingView.swift in Sources */,
				AA000005 /* ApprovalView.swift in Sources */,
				AA000006 /* DeviceListView.swift in Sources */,
				AA000007 /* KeyManager.swift in Sources */,
				AA000008 /* BonjourDiscovery.swift in Sources */,
				AA000009 /* ApprovalClient.swift in Sources */,
			);
			runOnlyForDeploymentPostprocessing = 0;
		};
/* End PBXSourcesBuildPhase section */

/* Begin XCBuildConfiguration section */
		AA700001 /* Debug */ = {
			isa = XCBuildConfiguration;
			buildSettings = {
				ASSETCATALOG_COMPILER_APPICON_NAME = AppIcon;
				CODE_SIGN_STYLE = Automatic;
				CURRENT_PROJECT_VERSION = 1;
				INFOPLIST_FILE = Info.plist;
				IPHONEOS_DEPLOYMENT_TARGET = 17.0;
				LD_RUNPATH_SEARCH_PATHS = (
					"$(inherited)",
					"@executable_path/Frameworks",
				);
				MARKETING_VERSION = 0.1.0;
				PRODUCT_BUNDLE_IDENTIFIER = com.patrickdeutsch.opaque;
				PRODUCT_NAME = "$(TARGET_NAME)";
				SWIFT_VERSION = 5.9;
				TARGETED_DEVICE_FAMILY = "1,2";
			};
			name = Debug;
		};
		AA700002 /* Release */ = {
			isa = XCBuildConfiguration;
			buildSettings = {
				ASSETCATALOG_COMPILER_APPICON_NAME = AppIcon;
				CODE_SIGN_STYLE = Automatic;
				CURRENT_PROJECT_VERSION = 1;
				INFOPLIST_FILE = Info.plist;
				IPHONEOS_DEPLOYMENT_TARGET = 17.0;
				LD_RUNPATH_SEARCH_PATHS = (
					"$(inherited)",
					"@executable_path/Frameworks",
				);
				MARKETING_VERSION = 0.1.0;
				PRODUCT_BUNDLE_IDENTIFIER = com.patrickdeutsch.opaque;
				PRODUCT_NAME = "$(TARGET_NAME)";
				SWIFT_VERSION = 5.9;
				TARGETED_DEVICE_FAMILY = "1,2";
			};
			name = Release;
		};
		AA700003 /* Debug */ = {
			isa = XCBuildConfiguration;
			buildSettings = {
				ALWAYS_SEARCH_USER_PATHS = NO;
				CLANG_ENABLE_MODULES = YES;
				DEBUG_INFORMATION_FORMAT = dwarf;
				ENABLE_STRICT_OBJC_MSGSEND = YES;
				GCC_DYNAMIC_NO_PIC = NO;
				GCC_OPTIMIZATION_LEVEL = 0;
				GCC_PREPROCESSOR_DEFINITIONS = (
					"DEBUG=1",
					"$(inherited)",
				);
				MTL_ENABLE_DEBUG_INFO = INCLUDE_SOURCE;
				ONLY_ACTIVE_ARCH = YES;
				SDKROOT = iphoneos;
				SWIFT_ACTIVE_COMPILATION_CONDITIONS = "$(inherited) DEBUG";
				SWIFT_OPTIMIZATION_LEVEL = "-Onone";
			};
			name = Debug;
		};
		AA700004 /* Release */ = {
			isa = XCBuildConfiguration;
			buildSettings = {
				ALWAYS_SEARCH_USER_PATHS = NO;
				CLANG_ENABLE_MODULES = YES;
				DEBUG_INFORMATION_FORMAT = "dwarf-with-dsym";
				ENABLE_NS_ASSERTIONS = NO;
				ENABLE_STRICT_OBJC_MSGSEND = YES;
				MTL_ENABLE_DEBUG_INFO = NO;
				SDKROOT = iphoneos;
				SWIFT_COMPILATION_MODE = wholemodule;
				VALIDATE_PRODUCT = YES;
			};
			name = Release;
		};
/* End XCBuildConfiguration section */

/* Begin XCConfigurationList section */
		AA600001 /* Build configuration list for PBXNativeTarget "Opaque" */ = {
			isa = XCConfigurationList;
			buildConfigurations = (
				AA700001 /* Debug */,
				AA700002 /* Release */,
			);
			defaultConfigurationIsVisible = 0;
			defaultConfigurationName = Release;
		};
		AA600002 /* Build configuration list for PBXProject "Opaque" */ = {
			isa = XCConfigurationList;
			buildConfigurations = (
				AA700003 /* Debug */,
				AA700004 /* Release */,
			);
			defaultConfigurationIsVisible = 0;
			defaultConfigurationName = Release;
		};
/* End XCConfigurationList section */

	};
	rootObject = AA000000 /* Project object */;
}
